{
  "name": "mujoco_wasm",
  "version": "0.0.2",
  "lockfileVersion": 3,
  "requires": true,
  "packages": {
    "": {
      "name": "mujoco_wasm",
      "version": "0.0.2",
      "license": "ISC",
      "dependencies": {
        "three": "^0.150.1",
        "three-ik": "^0.1.0"
      }
    },
    "node_modules/three": {
      "version": "0.150.1",
      "resolved": "https://registry.npmjs.org/three/-/three-0.150.1.tgz",
      "integrity": "sha512-5C1MqKUWaHYo13BX0Q64qcdwImgnnjSOFgBscOzAo8MYCzEtqfQqorEKMcajnA3FHy1yVlIe9AmaMQ0OQracNA=="
    },
    "node_modules/three-ik": {
      "version": "0.1.0",
      "resolved": "https://registry.npmjs.org/three-ik/-/three-ik-0.1.0.tgz",
      "integrity": "sha512-GwYgVSegvRI9/i/YFKxnIT4bn9gN5GtrZbgRRhxvihUccxYfjryrt9Gys5Bqn+ljbM/uF4a8wZETxdLVNAT+fw==",
      "license": "MIT",
      "peerDependencies": {
        "three": "*"
      }
    }
  }
}
